// !$*UTF8*$!
{
	archiveVersion = 1;
	classes = {
	};
	objectVersion = 56;
	objects = {

/* Begin PBXBuildFile section */
		372943FF29D194EA0017B6AD /* HowtoViewController.swift in Sources */ = {isa = PBXBuildFile; fileRef = 372943FE29D194EA0017B6AD /* HowtoViewController.swift */; };
		373AB6FE29D17846001933A1 /* AppDelegate.swift in Sources */ = {isa = PBXBuildFile; fileRef = 373AB6FD29D17846001933A1 /* AppDelegate.swift */; };
		373AB70029D17846001933A1 /* SceneDelegate.swift in Sources */ = {isa = PBXBuildFile; fileRef = 373AB6FF29D17846001933A1 /* SceneDelegate.swift */; };
		373AB70229D17846001933A1 /* ViewController.swift in Sources */ = {isa = PBXBuildFile; fileRef = 373AB70129D17846001933A1 /* ViewController.swift */; };
		373AB70529D17846001933A1 /* Main.storyboard in Resources */ = {isa = PBXBuildFile; fileRef = 373AB70329D17846001933A1 /* Main.storyboard */; };
		373AB70729D17848001933A1 /* Assets.xcassets in Resources */ = {isa = PBXBuildFile; fileRef = 373AB70629D17848001933A1 /* Assets.xcassets */; };
		373AB70A29D17848001933A1 /* LaunchScreen.storyboard in Resources */ = {isa = PBXBuildFile; fileRef = 373AB70829D17848001933A1 /* LaunchScreen.storyboard */; };
		373AB71229D178AE001933A1 /* PlayViewController.swift in Sources */ = {isa = PBXBuildFile; fileRef = 373AB71129D178AE001933A1 /* PlayViewController.swift */; };
		3792630F2A4971260091BEE0 /* cryingCat.json in Resources */ = {isa = PBXBuildFile; fileRef = 3792630D2A4971260091BEE0 /* cryingCat.json */; };
		379263122A4972680091BEE0 /* happyCat.json in Resources */ = {isa = PBXBuildFile; fileRef = 379263112A4972680091BEE0 /* happyCat.json */; };
		379263142A498D770091BEE0 /* arrow-right.json in Resources */ = {isa = PBXBuildFile; fileRef = 379263132A498D770091BEE0 /* arrow-right.json */; };
		37B36D452A4965B80066F0E3 /* Lottie in Frameworks */ = {isa = PBXBuildFile; productRef = 37B36D442A4965B80066F0E3 /* Lottie */; };
/* End PBXBuildFile section */

/* Begin PBXFileReference section */
		372943FE29D194EA0017B6AD /* HowtoViewController.swift */ = {isa = PBXFileReference; lastKnownFileType = sourcecode.swift; path = HowtoViewController.swift; sourceTree = "<group>"; };
		373AB6FA29D17846001933A1 /* FishBreadGame.app */ = {isa = PBXFileReference; explicitFileType = wrapper.application; includeInIndex = 0; path = FishBreadGame.app; sourceTree = BUILT_PRODUCTS_DIR; };
		373AB6FD29D17846001933A1 /* AppDelegate.swift */ = {isa = PBXFileReference; lastKnownFileType = sourcecode.swift; path = AppDelegate.swift; sourceTree = "<group>"; };
		373AB6FF29D17846001933A1 /* SceneDelegate.swift */ = {isa = PBXFileReference; lastKnownFileType = sourcecode.swift; path = SceneDelegate.swift; sourceTree = "<group>"; };
		373AB70129D17846001933A1 /* ViewController.swift */ = {isa = PBXFileReference; lastKnownFileType = sourcecode.swift; path = ViewController.swift; sourceTree = "<group>"; };
		373AB70429D17846001933A1 /* Base */ = {isa = PBXFileReference; lastKnownFileType = file.storyboard; name = Base; path = Base.lproj/Main.storyboard; sourceTree = "<group>"; };
		373AB70629D17848001933A1 /* Assets.xcassets */ = {isa = PBXFileReference; lastKnownFileType = folder.assetcatalog; path = Assets.xcassets; sourceTree = "<group>"; };
		373AB70929D17848001933A1 /* Base */ = {isa = PBXFileReference; lastKnownFileType = file.storyboard; name = Base; path = Base.lproj/LaunchScreen.storyboard; sourceTree = "<group>"; };
		373AB70B29D17848001933A1 /* Info.plist */ = {isa = PBXFileReference; lastKnownFileType = text.plist.xml; path = Info.plist; sourceTree = "<group>"; };
		373AB71129D178AE001933A1 /* PlayViewController.swift */ = {isa = PBXFileReference; lastKnownFileType = sourcecode.swift; path = PlayViewController.swift; sourceTree = "<group>"; };
		3792630D2A4971260091BEE0 /* cryingCat.json */ = {isa = PBXFileReference; fileEncoding = 4; lastKnownFileType = text.json; path = cryingCat.json; sourceTree = "<group>"; };
		379263112A4972680091BEE0 /* happyCat.json */ = {isa = PBXFileReference; fileEncoding = 4; lastKnownFileType = text.json; path = happyCat.json; sourceTree = "<group>"; };
		379263132A498D770091BEE0 /* arrow-right.json */ = {isa = PBXFileReference; fileEncoding = 4; lastKnownFileType = text.json; path = "arrow-right.json"; sourceTree = "<group>"; };
/* End PBXFileReference section */

/* Begin PBXFrameworksBuildPhase section */
		373AB6F729D17846001933A1 /* Frameworks */ = {
			isa = PBXFrameworksBuildPhase;
			buildActionMask = 2147483647;
			files = (
				37B36D452A4965B80066F0E3 /* Lottie in Frameworks */,
			);
			runOnlyForDeploymentPostprocessing = 0;
		};
/* End PBXFrameworksBuildPhase section */

/* Begin PBXGroup section */
		373AB6F129D17846001933A1 = {
			isa = PBXGroup;
			children = (
				37B36D3C2A4964E90066F0E3 /* Assets */,
				373AB6FC29D17846001933A1 /* FishBreadGame */,
				373AB6FB29D17846001933A1 /* Products */,
			);
			sourceTree = "<group>";
		};
		373AB6FB29D17846001933A1 /* Products */ = {
			isa = PBXGroup;
			children = (
				373AB6FA29D17846001933A1 /* FishBreadGame.app */,
			);
			name = Products;
			sourceTree = "<group>";
		};
		373AB6FC29D17846001933A1 /* FishBreadGame */ = {
			isa = PBXGroup;
			children = (
				373AB6FD29D17846001933A1 /* AppDelegate.swift */,
				373AB6FF29D17846001933A1 /* SceneDelegate.swift */,
				373AB70129D17846001933A1 /* ViewController.swift */,
				373AB71129D178AE001933A1 /* PlayViewController.swift */,
				373AB70329D17846001933A1 /* Main.storyboard */,
				373AB70829D17848001933A1 /* LaunchScreen.storyboard */,
				373AB70B29D17848001933A1 /* Info.plist */,
				372943FE29D194EA0017B6AD /* HowtoViewController.swift */,
			);
			path = FishBreadGame;
			sourceTree = "<group>";
		};
		37B36D3C2A4964E90066F0E3 /* Assets */ = {
			isa = PBXGroup;
			children = (
				379263132A498D770091BEE0 /* arrow-right.json */,
				379263112A4972680091BEE0 /* happyCat.json */,
				3792630D2A4971260091BEE0 /* cryingCat.json */,
				373AB70629D17848001933A1 /* Assets.xcassets */,
			);
			path = Assets;
			sourceTree = "<group>";
		};
/* End PBXGroup section */

/* Begin PBXNativeTarget section */
		373AB6F929D17846001933A1 /* FishBreadGame */ = {
			isa = PBXNativeTarget;
			buildConfigurationList = 373AB70E29D17848001933A1 /* Build configuration list for PBXNativeTarget "FishBreadGame" */;
			buildPhases = (
				373AB6F629D17846001933A1 /* Sources */,
				373AB6F729D17846001933A1 /* Frameworks */,
				373AB6F829D17846001933A1 /* Resources */,
			);
			buildRules = (
			);
			dependencies = (
			);
			name = FishBreadGame;
			packageProductDependencies = (
				37B36D442A4965B80066F0E3 /* Lottie */,
			);
			productName = FishBreadGame;
			productReference = 373AB6FA29D17846001933A1 /* FishBreadGame.app */;
			productType = "com.apple.product-type.application";
		};
/* End PBXNativeTarget section */

/* Begin PBXProject section */
		373AB6F229D17846001933A1 /* Project object */ = {
			isa = PBXProject;
			attributes = {
				BuildIndependentTargetsInParallel = 1;
				LastSwiftUpdateCheck = 1420;
				LastUpgradeCheck = 1420;
				TargetAttributes = {
					373AB6F929D17846001933A1 = {
						CreatedOnToolsVersion = 14.2;
					};
				};
			};
			buildConfigurationList = 373AB6F529D17846001933A1 /* Build configuration list for PBXProject "FishBreadGame" */;
			compatibilityVersion = "Xcode 14.0";
			developmentRegion = en;
			hasScannedForEncodings = 0;
			knownRegions = (
				en,
				Base,
			);
			mainGroup = 373AB6F129D17846001933A1;
			packageReferences = (
				37B36D432A4965B80066F0E3 /* XCRemoteSwiftPackageReference "lottie-ios" */,
			);
			productRefGroup = 373AB6FB29D17846001933A1 /* Products */;
			projectDirPath = "";
			projectRoot = "";
			targets = (
				373AB6F929D17846001933A1 /* FishBreadGame */,
			);
		};
/* End PBXProject section */

/* Begin PBXResourcesBuildPhase section */
		373AB6F829D17846001933A1 /* Resources */ = {
			isa = PBXResourcesBuildPhase;
			buildActionMask = 2147483647;
			files = (
				379263122A4972680091BEE0 /* happyCat.json in Resources */,
				373AB70A29D17848001933A1 /* LaunchScreen.storyboard in Resources */,
				373AB70729D17848001933A1 /* Assets.xcassets in Resources */,
				3792630F2A4971260091BEE0 /* cryingCat.json in Resources */,
				379263142A498D770091BEE0 /* arrow-right.json in Resources */,
				373AB70529D17846001933A1 /* Main.storyboard in Resources */,
			);
			runOnlyForDeploymentPostprocessing = 0;
		};
/* End PBXResourcesBuildPhase section */

/* Begin PBXSourcesBuildPhase section */
		373AB6F629D17846001933A1 /* Sources */ = {
			isa = PBXSourcesBuildPhase;
			buildActionMask = 2147483647;
			files = (
				372943FF29D194EA0017B6AD /* HowtoViewController.swift in Sources */,
				373AB71229D178AE001933A1 /* PlayViewController.swift in Sources */,
				373AB70229D17846001933A1 /* ViewController.swift in Sources */,
				373AB6FE29D17846001933A1 /* AppDelegate.swift in Sources */,
				373AB70029D17846001933A1 /* SceneDelegate.swift in Sources */,
			);
			runOnlyForDeploymentPostprocessing = 0;
		};
/* End PBXSourcesBuildPhase section */

/* Begin PBXVariantGroup section */
		373AB70329D17846001933A1 /* Main.storyboard */ = {
			isa = PBXVariantGroup;
			children = (
				373AB70429D17846001933A1 /* Base */,
			);
			name = Main.storyboard;
			sourceTree = "<group>";
		};
		373AB70829D17848001933A1 /* LaunchScreen.storyboard */ = {
			isa = PBXVariantGroup;
			children = (
				373AB70929D17848001933A1 /* Base */,
			);
			name = LaunchScreen.storyboard;
			sourceTree = "<group>";
		};
/* End PBXVariantGroup section */

/* Begin XCBuildConfiguration section */
		373AB70C29D17848001933A1 /* Debug */ = {
			isa = XCBuildConfiguration;
			buildSettings = {
				ALWAYS_SEARCH_USER_PATHS = NO;
				CLANG_ANALYZER_NONNULL = YES;
				CLANG_ANALYZER_NUMBER_OBJECT_CONVERSION = YES_AGGRESSIVE;
				CLANG_CXX_LANGUAGE_STANDARD = "gnu++20";
				CLANG_ENABLE_MODULES = YES;
				CLANG_ENABLE_OBJC_ARC = YES;
				CLANG_ENABLE_OBJC_WEAK = YES;
				CLANG_WARN_BLOCK_CAPTURE_AUTORELEASING = YES;
				CLANG_WARN_BOOL_CONVERSION = YES;
				CLANG_WARN_COMMA = YES;
				CLANG_WARN_CONSTANT_CONVERSION = YES;
				CLANG_WARN_DEPRECATED_OBJC_IMPLEMENTATIONS = YES;
				CLANG_WARN_DIRECT_OBJC_ISA_USAGE = YES_ERROR;
				CLANG_WARN_DOCUMENTATION_COMMENTS = YES;
				CLANG_WARN_EMPTY_BODY = YES;
				CLANG_WARN_ENUM_CONVERSION = YES;
				CLANG_WARN_INFINITE_RECURSION = YES;
				CLANG_WARN_INT_CONVERSION = YES;
				CLANG_WARN_NON_LITERAL_NULL_CONVERSION = YES;
				CLANG_WARN_OBJC_IMPLICIT_RETAIN_SELF = YES;
				CLANG_WARN_OBJC_LITERAL_CONVERSION = YES;
				CLANG_WARN_OBJC_ROOT_CLASS = YES_ERROR;
				CLANG_WARN_QUOTED_INCLUDE_IN_FRAMEWORK_HEADER = YES;
				CLANG_WARN_RANGE_LOOP_ANALYSIS = YES;
				CLANG_WARN_STRICT_PROTOTYPES = YES;
				CLANG_WARN_SUSPICIOUS_MOVE = YES;
				CLANG_WARN_UNGUARDED_AVAILABILITY = YES_AGGRESSIVE;
				CLANG_WARN_UNREACHABLE_CODE = YES;
				CLANG_WARN__DUPLICATE_METHOD_MATCH = YES;
				COPY_PHASE_STRIP = NO;
				DEBUG_INFORMATION_FORMAT = dwarf;
				ENABLE_STRICT_OBJC_MSGSEND = YES;
				ENABLE_TESTABILITY = YES;
				GCC_C_LANGUAGE_STANDARD = gnu11;
				GCC_DYNAMIC_NO_PIC = NO;
				GCC_NO_COMMON_BLOCKS = YES;
				GCC_OPTIMIZATION_LEVEL = 0;
				GCC_PREPROCESSOR_DEFINITIONS = (
					"DEBUG=1",
					"$(inherited)",
				);
				GCC_WARN_64_TO_32_BIT_CONVERSION = YES;
				GCC_WARN_ABOUT_RETURN_TYPE = YES_ERROR;
				GCC_WARN_UNDECLARED_SELECTOR = YES;
				GCC_WARN_UNINITIALIZED_AUTOS = YES_AGGRESSIVE;
				GCC_WARN_UNUSED_FUNCTION = YES;
				GCC_WARN_UNUSED_VARIABLE = YES;
				IPHONEOS_DEPLOYMENT_TARGET = 15.0;
				MTL_ENABLE_DEBUG_INFO = INCLUDE_SOURCE;
				MTL_FAST_MATH = YES;
				ONLY_ACTIVE_ARCH = YES;
				SDKROOT = iphoneos;
				SWIFT_ACTIVE_COMPILATION_CONDITIONS = DEBUG;
				SWIFT_OPTIMIZATION_LEVEL = "-Onone";
			};
			name = Debug;
		};
		373AB70D29D17848001933A1 /* Release */ = {
			isa = XCBuildConfiguration;
			buildSettings = {
				ALWAYS_SEARCH_USER_PATHS = NO;
				CLANG_ANALYZER_NONNULL = YES;
				CLANG_ANALYZER_NUMBER_OBJECT_CONVERSION = YES_AGGRESSIVE;
				CLANG_CXX_LANGUAGE_STANDARD = "gnu++20";
				CLANG_ENABLE_MODULES = YES;
				CLANG_ENABLE_OBJC_ARC = YES;
				CLANG_ENABLE_OBJC_WEAK = YES;
				CLANG_WARN_BLOCK_CAPTURE_AUTORELEASING = YES;
				CLANG_WARN_BOOL_CONVERSION = YES;
				CLANG_WARN_COMMA = YES;
				CLANG_WARN_CONSTANT_CONVERSION = YES;
				CLANG_WARN_DEPRECATED_OBJC_IMPLEMENTATIONS = YES;
				CLANG_WARN_DIRECT_OBJC_ISA_USAGE = YES_ERROR;
				CLANG_WARN_DOCUMENTATION_COMMENTS = YES;
				CLANG_WARN_EMPTY_BODY = YES;
				CLANG_WARN_ENUM_CONVERSION = YES;
				CLANG_WARN_INFINITE_RECURSION = YES;
				CLANG_WARN_INT_CONVERSION = YES;
				CLANG_WARN_NON_LITERAL_NULL_CONVERSION = YES;
				CLANG_WARN_OBJC_IMPLICIT_RETAIN_SELF = YES;
				CLANG_WARN_OBJC_LITERAL_CONVERSION = YES;
				CLANG_WARN_OBJC_ROOT_CLASS = YES_ERROR;
				CLANG_WARN_QUOTED_INCLUDE_IN_FRAMEWORK_HEADER = YES;
				CLANG_WARN_RANGE_LOOP_ANALYSIS = YES;
				CLANG_WARN_STRICT_PROTOTYPES = YES;
				CLANG_WARN_SUSPICIOUS_MOVE = YES;
				CLANG_WARN_UNGUARDED_AVAILABILITY = YES_AGGRESSIVE;
				CLANG_WARN_UNREACHABLE_CODE = YES;
				CLANG_WARN__DUPLICATE_METHOD_MATCH = YES;
				COPY_PHASE_STRIP = NO;
				DEBUG_INFORMATION_FORMAT = "dwarf-with-dsym";
				ENABLE_NS_ASSERTIONS = NO;
				ENABLE_STRICT_OBJC_MSGSEND = YES;
				GCC_C_LANGUAGE_STANDARD = gnu11;
				GCC_NO_COMMON_BLOCKS = YES;
				GCC_WARN_64_TO_32_BIT_CONVERSION = YES;
				GCC_WARN_ABOUT_RETURN_TYPE = YES_ERROR;
				GCC_WARN_UNDECLARED_SELECTOR = YES;
				GCC_WARN_UNINITIALIZED_AUTOS = YES_AGGRESSIVE;
				GCC_WARN_UNUSED_FUNCTION = YES;
				GCC_WARN_UNUSED_VARIABLE = YES;
				IPHONEOS_DEPLOYMENT_TARGET = 15.0;
				MTL_ENABLE_DEBUG_INFO = NO;
				MTL_FAST_MATH = YES;
				SDKROOT = iphoneos;
				SWIFT_COMPILATION_MODE = wholemodule;
				SWIFT_OPTIMIZATION_LEVEL = "-O";
				VALIDATE_PRODUCT = YES;
			};
			name = Release;
		};
		373AB70F29D17848001933A1 /* Debug */ = {
			isa = XCBuildConfiguration;
			buildSettings = {
				ASSETCATALOG_COMPILER_APPICON_NAME = AppIcon;
				ASSETCATALOG_COMPILER_GLOBAL_ACCENT_COLOR_NAME = AccentColor;
				CODE_SIGN_STYLE = Automatic;
				CURRENT_PROJECT_VERSION = 1;
				DEVELOPMENT_TEAM = FQ9852Z3LX;
				GENERATE_INFOPLIST_FILE = YES;
				INFOPLIST_FILE = FishBreadGame/Info.plist;
				INFOPLIST_KEY_UIApplicationSupportsIndirectInputEvents = YES;
				INFOPLIST_KEY_UILaunchStoryboardName = LaunchScreen;
				INFOPLIST_KEY_UIMainStoryboardFile = Main;
				INFOPLIST_KEY_UISupportedInterfaceOrientations_iPad = "UIInterfaceOrientationPortrait UIInterfaceOrientationPortraitUpsideDown UIInterfaceOrientationLandscapeLeft UIInterfaceOrientationLandscapeRight";
				INFOPLIST_KEY_UISupportedInterfaceOrientations_iPhone = "UIInterfaceOrientationPortrait UIInterfaceOrientationLandscapeLeft UIInterfaceOrientationLandscapeRight";
				IPHONEOS_DEPLOYMENT_TARGET = 15.0;
				LD_RUNPATH_SEARCH_PATHS = (
					"$(inherited)",
					"@executable_path/Frameworks",
				);
				MARKETING_VERSION = 1.0;
				PRODUCT_BUNDLE_IDENTIFIER = com.Ios.FishBreadGame;
				PRODUCT_NAME = "$(TARGET_NAME)";
				SWIFT_EMIT_LOC_STRINGS = YES;
				SWIFT_VERSION = 5.0;
				TARGETED_DEVICE_FAMILY = "1,2";
			};
			name = Debug;
		};
		373AB71029D17848001933A1 /* Release */ = {
			isa = XCBuildConfiguration;
			buildSettings = {
				ASSETCATALOG_COMPILER_APPICON_NAME = AppIcon;
				ASSETCATALOG_COMPILER_GLOBAL_ACCENT_COLOR_NAME = AccentColor;
				CODE_SIGN_STYLE = Automatic;
				CURRENT_PROJECT_VERSION = 1;
				DEVELOPMENT_TEAM = FQ9852Z3LX;
				GENERATE_INFOPLIST_FILE = YES;
				INFOPLIST_FILE = FishBreadGame/Info.plist;
				INFOPLIST_KEY_UIApplicationSupportsIndirectInputEvents = YES;
				INFOPLIST_KEY_UILaunchStoryboardName = LaunchScreen;
				INFOPLIST_KEY_UIMainStoryboardFile = Main;
				INFOPLIST_KEY_UISupportedInterfaceOrientations_iPad = "UIInterfaceOrientationPortrait UIInterfaceOrientationPortraitUpsideDown UIInterfaceOrientationLandscapeLeft UIInterfaceOrientationLandscapeRight";
				INFOPLIST_KEY_UISupportedInterfaceOrientations_iPhone = "UIInterfaceOrientationPortrait UIInterfaceOrientationLandscapeLeft UIInterfaceOrientationLandscapeRight";
				IPHONEOS_DEPLOYMENT_TARGET = 15.0;
				LD_RUNPATH_SEARCH_PATHS = (
					"$(inherited)",
					"@executable_path/Frameworks",
				);
				MARKETING_VERSION = 1.0;
				PRODUCT_BUNDLE_IDENTIFIER = com.Ios.FishBreadGame;
				PRODUCT_NAME = "$(TARGET_NAME)";
				SWIFT_EMIT_LOC_STRINGS = YES;
				SWIFT_VERSION = 5.0;
				TARGETED_DEVICE_FAMILY = "1,2";
			};
			name = Release;
		};
/* End XCBuildConfiguration section */

/* Begin XCConfigurationList section */
		373AB6F529D17846001933A1 /* Build configuration list for PBXProject "FishBreadGame" */ = {
			isa = XCConfigurationList;
			buildConfigurations = (
				373AB70C29D17848001933A1 /* Debug */,
				373AB70D29D17848001933A1 /* Release */,
			);
			defaultConfigurationIsVisible = 0;
			defaultConfigurationName = Release;
		};
		373AB70E29D17848001933A1 /* Build configuration list for PBXNativeTarget "FishBreadGame" */ = {
			isa = XCConfigurationList;
			buildConfigurations = (
				373AB70F29D17848001933A1 /* Debug */,
				373AB71029D17848001933A1 /* Release */,
			);
			defaultConfigurationIsVisible = 0;
			defaultConfigurationName = Release;
		};
/* End XCConfigurationList section */

/* Begin XCRemoteSwiftPackageReference section */
		37B36D432A4965B80066F0E3 /* XCRemoteSwiftPackageReference "lottie-ios" */ = {
			isa = XCRemoteSwiftPackageReference;
			repositoryURL = "https://github.com/airbnb/lottie-ios.git";
			requirement = {
				kind = upToNextMajorVersion;
				minimumVersion = 4.0.0;
			};
		};
/* End XCRemoteSwiftPackageReference section */

/* Begin XCSwiftPackageProductDependency section */
		37B36D442A4965B80066F0E3 /* Lottie */ = {
			isa = XCSwiftPackageProductDependency;
			package = 37B36D432A4965B80066F0E3 /* XCRemoteSwiftPackageReference "lottie-ios" */;
			productName = Lottie;
		};
/* End XCSwiftPackageProductDependency section */
	};
	rootObject = 373AB6F229D17846001933A1 /* Project object */;
}
